// !$*UTF8*$!
{
	archiveVersion = 1;
	classes = {
	};
	objectVersion = 46;
	objects = {

/* Begin PBXBuildFile section */
		5AB981CF1A87E4A4003A4F2A /* AppDelegate.swift in Sources */ = {isa = PBXBuildFile; fileRef = 5AB981CE1A87E4A4003A4F2A /* AppDelegate.swift */; };
		5AB981D11A87E4A4003A4F2A /* ViewController.swift in Sources */ = {isa = PBXBuildFile; fileRef = 5AB981D01A87E4A4003A4F2A /* ViewController.swift */; };
		5AB981D41A87E4A4003A4F2A /* Main.storyboard in Resources */ = {isa = PBXBuildFile; fileRef = 5AB981D21A87E4A4003A4F2A /* Main.storyboard */; };
		5AB981D61A87E4A4003A4F2A /* Images.xcassets in Resources */ = {isa = PBXBuildFile; fileRef = 5AB981D51A87E4A4003A4F2A /* Images.xcassets */; };
		5AB981D91A87E4A4003A4F2A /* LaunchScreen.xib in Resources */ = {isa = PBXBuildFile; fileRef = 5AB981D71A87E4A4003A4F2A /* LaunchScreen.xib */; };
		5AB981E51A87E4A4003A4F2A /* How_Many_FingersTests.swift in Sources */ = {isa = PBXBuildFile; fileRef = 5AB981E41A87E4A4003A4F2A /* How_Many_FingersTests.swift */; };
/* End PBXBuildFile section */

/* Begin PBXContainerItemProxy section */
		5AB981DF1A87E4A4003A4F2A /* PBXContainerItemProxy */ = {
			isa = PBXContainerItemProxy;
			containerPortal = 5AB981C11A87E4A3003A4F2A /* Project object */;
			proxyType = 1;
			remoteGlobalIDString = 5AB981C81A87E4A3003A4F2A;
			remoteInfo = "How Many Fingers";
		};
/* End PBXContainerItemProxy section */

/* Begin PBXFileReference section */
		5AB981C91A87E4A3003A4F2A /* How Many Fingers.app */ = {isa = PBXFileReference; explicitFileType = wrapper.application; includeInIndex = 0; path = "How Many Fingers.app"; sourceTree = BUILT_PRODUCTS_DIR; };
		5AB981CD1A87E4A4003A4F2A /* Info.plist */ = {isa = PBXFileReference; lastKnownFileType = text.plist.xml; path = Info.plist; sourceTree = "<group>"; };
		5AB981CE1A87E4A4003A4F2A /* AppDelegate.swift */ = {isa = PBXFileReference; lastKnownFileType = sourcecode.swift; path = AppDelegate.swift; sourceTree = "<group>"; };
		5AB981D01A87E4A4003A4F2A /* ViewController.swift */ = {isa = PBXFileReference; lastKnownFileType = sourcecode.swift; path = ViewController.swift; sourceTree = "<group>"; };
		5AB981D31A87E4A4003A4F2A /* Base */ = {isa = PBXFileReference; lastKnownFileType = file.storyboard; name = Base; path = Base.lproj/Main.storyboard; sourceTree = "<group>"; };
		5AB981D51A87E4A4003A4F2A /* Images.xcassets */ = {isa = PBXFileReference; lastKnownFileType = folder.assetcatalog; path = Images.xcassets; sourceTree = "<group>"; };
		5AB981D81A87E4A4003A4F2A /* Base */ = {isa = PBXFileReference; lastKnownFileType = file.xib; name = Base; path = Base.lproj/LaunchScreen.xib; sourceTree = "<group>"; };
		5AB981DE1A87E4A4003A4F2A /* How Many FingersTests.xctest */ = {isa = PBXFileReference; explicitFileType = wrapper.cfbundle; includeInIndex = 0; path = "How Many FingersTests.xctest"; sourceTree = BUILT_PRODUCTS_DIR; };
		5AB981E31A87E4A4003A4F2A /* Info.plist */ = {isa = PBXFileReference; lastKnownFileType = text.plist.xml; path = Info.plist; sourceTree = "<group>"; };
		5AB981E41A87E4A4003A4F2A /* How_Many_FingersTests.swift */ = {isa = PBXFileReference; lastKnownFileType = sourcecode.swift; path = How_Many_FingersTests.swift; sourceTree = "<group>"; };
/* End PBXFileReference section */

/* Begin PBXFrameworksBuildPhase section */
		5AB981C61A87E4A3003A4F2A /* Frameworks */ = {
			isa = PBXFrameworksBuildPhase;
			buildActionMask = 2147483647;
			files = (
			);
			runOnlyForDeploymentPostprocessing = 0;
		};
		5AB981DB1A87E4A4003A4F2A /* Frameworks */ = {
			isa = PBXFrameworksBuildPhase;
			buildActionMask = 2147483647;
			files = (
			);
			runOnlyForDeploymentPostprocessing = 0;
		};
/* End PBXFrameworksBuildPhase section */

/* Begin PBXGroup section */
		5AB981C01A87E4A3003A4F2A = {
			isa = PBXGroup;
			children = (
				5AB981CB1A87E4A3003A4F2A /* How Many Fingers */,
				5AB981E11A87E4A4003A4F2A /* How Many FingersTests */,
				5AB981CA1A87E4A3003A4F2A /* Products */,
			);
			sourceTree = "<group>";
		};
		5AB981CA1A87E4A3003A4F2A /* Products */ = {
			isa = PBXGroup;
			children = (
				5AB981C91A87E4A3003A4F2A /* How Many Fingers.app */,
				5AB981DE1A87E4A4003A4F2A /* How Many FingersTests.xctest */,
			);
			name = Products;
			sourceTree = "<group>";
		};
		5AB981CB1A87E4A3003A4F2A /* How Many Fingers */ = {
			isa = PBXGroup;
			children = (
				5AB981CE1A87E4A4003A4F2A /* AppDelegate.swift */,
				5AB981D01A87E4A4003A4F2A /* ViewController.swift */,
				5AB981D21A87E4A4003A4F2A /* Main.storyboard */,
				5AB981D51A87E4A4003A4F2A /* Images.xcassets */,
				5AB981D71A87E4A4003A4F2A /* LaunchScreen.xib */,
				5AB981CC1A87E4A4003A4F2A /* Supporting Files */,
			);
			path = "How Many Fingers";
			sourceTree = "<group>";
		};
		5AB981CC1A87E4A4003A4F2A /* Supporting Files */ = {
			isa = PBXGroup;
			children = (
				5AB981CD1A87E4A4003A4F2A /* Info.plist */,
			);
			name = "Supporting Files";
			sourceTree = "<group>";
		};
		5AB981E11A87E4A4003A4F2A /* How Many FingersTests */ = {
			isa = PBXGroup;
			children = (
				5AB981E41A87E4A4003A4F2A /* How_Many_FingersTests.swift */,
				5AB981E21A87E4A4003A4F2A /* Supporting Files */,
			);
			path = "How Many FingersTests";
			sourceTree = "<group>";
		};
		5AB981E21A87E4A4003A4F2A /* Supporting Files */ = {
			isa = PBXGroup;
			children = (
				5AB981E31A87E4A4003A4F2A /* Info.plist */,
			);
			name = "Supporting Files";
			sourceTree = "<group>";
		};
/* End PBXGroup section */

/* Begin PBXNativeTarget section */
		5AB981C81A87E4A3003A4F2A /* How Many Fingers */ = {
			isa = PBXNativeTarget;
			buildConfigurationList = 5AB981E81A87E4A4003A4F2A /* Build configuration list for PBXNativeTarget "How Many Fingers" */;
			buildPhases = (
				5AB981C51A87E4A3003A4F2A /* Sources */,
				5AB981C61A87E4A3003A4F2A /* Frameworks */,
				5AB981C71A87E4A3003A4F2A /* Resources */,
			);
			buildRules = (
			);
			dependencies = (
			);
			name = "How Many Fingers";
			productName = "How Many Fingers";
			productReference = 5AB981C91A87E4A3003A4F2A /* How Many Fingers.app */;
			productType = "com.apple.product-type.application";
		};
		5AB981DD1A87E4A4003A4F2A /* How Many FingersTests */ = {
			isa = PBXNativeTarget;
			buildConfigurationList = 5AB981EB1A87E4A4003A4F2A /* Build configuration list for PBXNativeTarget "How Many FingersTests" */;
			buildPhases = (
				5AB981DA1A87E4A4003A4F2A /* Sources */,
				5AB981DB1A87E4A4003A4F2A /* Frameworks */,
				5AB981DC1A87E4A4003A4F2A /* Resources */,
			);
			buildRules = (
			);
			dependencies = (
				5AB981E01A87E4A4003A4F2A /* PBXTargetDependency */,
			);
			name = "How Many FingersTests";
			productName = "How Many FingersTests";
			productReference = 5AB981DE1A87E4A4003A4F2A /* How Many FingersTests.xctest */;
			productType = "com.apple.product-type.bundle.unit-test";
		};
/* End PBXNativeTarget section */

/* Begin PBXProject section */
		5AB981C11A87E4A3003A4F2A /* Project object */ = {
			isa = PBXProject;
			attributes = {
				LastUpgradeCheck = 0620;
				ORGANIZATIONNAME = "Richard Tyran";
				TargetAttributes = {
					5AB981C81A87E4A3003A4F2A = {
						CreatedOnToolsVersion = 6.2;
					};
					5AB981DD1A87E4A4003A4F2A = {
						CreatedOnToolsVersion = 6.2;
						TestTargetID = 5AB981C81A87E4A3003A4F2A;
					};
				};
			};
			buildConfigurationList = 5AB981C41A87E4A3003A4F2A /* Build configuration list for PBXProject "How Many Fingers" */;
			compatibilityVersion = "Xcode 3.2";
			developmentRegion = English;
			hasScannedForEncodings = 0;
			knownRegions = (
				en,
				Base,
			);
			mainGroup = 5AB981C01A87E4A3003A4F2A;
			productRefGroup = 5AB981CA1A87E4A3003A4F2A /* Products */;
			projectDirPath = "";
			projectRoot = "";
			targets = (
				5AB981C81A87E4A3003A4F2A /* How Many Fingers */,
				5AB981DD1A87E4A4003A4F2A /* How Many FingersTests */,
			);
		};
/* End PBXProject section */

/* Begin PBXResourcesBuildPhase section */
		5AB981C71A87E4A3003A4F2A /* Resources */ = {
			isa = PBXResourcesBuildPhase;
			buildActionMask = 2147483647;
			files = (
				5AB981D41A87E4A4003A4F2A /* Main.storyboard in Resources */,
				5AB981D91A87E4A4003A4F2A /* LaunchScreen.xib in Resources */,
				5AB981D61A87E4A4003A4F2A /* Images.xcassets in Resources */,
			);
			runOnlyForDeploymentPostprocessing = 0;
		};
		5AB981DC1A87E4A4003A4F2A /* Resources */ = {
			isa = PBXResourcesBuildPhase;
			buildActionMask = 2147483647;
			files = (
			);
			runOnlyForDeploymentPostprocessing = 0;
		};
/* End PBXResourcesBuildPhase section */

/* Begin PBXSourcesBuildPhase section */
		5AB981C51A87E4A3003A4F2A /* Sources */ = {
			isa = PBXSourcesBuildPhase;
			buildActionMask = 2147483647;
			files = (
				5AB981D11A87E4A4003A4F2A /* ViewController.swift in Sources */,
				5AB981CF1A87E4A4003A4F2A /* AppDelegate.swift in Sources */,
			);
			runOnlyForDeploymentPostprocessing = 0;
		};
		5AB981DA1A87E4A4003A4F2A /* Sources */ = {
			isa = PBXSourcesBuildPhase;
			buildActionMask = 2147483647;
			files = (
				5AB981E51A87E4A4003A4F2A /* How_Many_FingersTests.swift in Sources */,
			);
			runOnlyForDeploymentPostprocessing = 0;
		};
/* End PBXSourcesBuildPhase section */

/* Begin PBXTargetDependency section */
		5AB981E01A87E4A4003A4F2A /* PBXTargetDependency */ = {
			isa = PBXTargetDependency;
			target = 5AB981C81A87E4A3003A4F2A /* How Many Fingers */;
			targetProxy = 5AB981DF1A87E4A4003A4F2A /* PBXContainerItemProxy */;
		};
/* End PBXTargetDependency section */

/* Begin PBXVariantGroup section */
		5AB981D21A87E4A4003A4F2A /* Main.storyboard */ = {
			isa = PBXVariantGroup;
			children = (
				5AB981D31A87E4A4003A4F2A /* Base */,
			);
			name = Main.storyboard;
			sourceTree = "<group>";
		};
		5AB981D71A87E4A4003A4F2A /* LaunchScreen.xib */ = {
			isa = PBXVariantGroup;
			children = (
				5AB981D81A87E4A4003A4F2A /* Base */,
			);
			name = LaunchScreen.xib;
			sourceTree = "<group>";
		};
/* End PBXVariantGroup section */

/* Begin XCBuildConfiguration section */
		5AB981E61A87E4A4003A4F2A /* Debug */ = {
			isa = XCBuildConfiguration;
			buildSettings = {
				ALWAYS_SEARCH_USER_PATHS = NO;
				CLANG_CXX_LANGUAGE_STANDARD = "gnu++0x";
				CLANG_CXX_LIBRARY = "libc++";
				CLANG_ENABLE_MODULES = YES;
				CLANG_ENABLE_OBJC_ARC = YES;
				CLANG_WARN_BOOL_CONVERSION = YES;
				CLANG_WARN_CONSTANT_CONVERSION = YES;
				CLANG_WARN_DIRECT_OBJC_ISA_USAGE = YES_ERROR;
				CLANG_WARN_EMPTY_BODY = YES;
				CLANG_WARN_ENUM_CONVERSION = YES;
				CLANG_WARN_INT_CONVERSION = YES;
				CLANG_WARN_OBJC_ROOT_CLASS = YES_ERROR;
				CLANG_WARN_UNREACHABLE_CODE = YES;
				CLANG_WARN__DUPLICATE_METHOD_MATCH = YES;
				"CODE_SIGN_IDENTITY[sdk=iphoneos*]" = "iPhone Developer";
				COPY_PHASE_STRIP = NO;
				ENABLE_STRICT_OBJC_MSGSEND = YES;
				GCC_C_LANGUAGE_STANDARD = gnu99;
				GCC_DYNAMIC_NO_PIC = NO;
				GCC_OPTIMIZATION_LEVEL = 0;
				GCC_PREPROCESSOR_DEFINITIONS = (
					"DEBUG=1",
					"$(inherited)",
				);
				GCC_SYMBOLS_PRIVATE_EXTERN = NO;
				GCC_WARN_64_TO_32_BIT_CONVERSION = YES;
				GCC_WARN_ABOUT_RETURN_TYPE = YES_ERROR;
				GCC_WARN_UNDECLARED_SELECTOR = YES;
				GCC_WARN_UNINITIALIZED_AUTOS = YES_AGGRESSIVE;
				GCC_WARN_UNUSED_FUNCTION = YES;
				GCC_WARN_UNUSED_VARIABLE = YES;
				IPHONEOS_DEPLOYMENT_TARGET = 8.2;
				MTL_ENABLE_DEBUG_INFO = YES;
				ONLY_ACTIVE_ARCH = YES;
				SDKROOT = iphoneos;
				SWIFT_OPTIMIZATION_LEVEL = "-Onone";
			};
			name = Debug;
		};
		5AB981E71A87E4A4003A4F2A /* Release */ = {
			isa = XCBuildConfiguration;
			buildSettings = {
				ALWAYS_SEARCH_USER_PATHS = NO;
				CLANG_CXX_LANGUAGE_STANDARD = "gnu++0x";
				CLANG_CXX_LIBRARY = "libc++";
				CLANG_ENABLE_MODULES = YES;
				CLANG_ENABLE_OBJC_ARC = YES;
				CLANG_WARN_BOOL_CONVERSION = YES;
				CLANG_WARN_CONSTANT_CONVERSION = YES;
				CLANG_WARN_DIRECT_OBJC_ISA_USAGE = YES_ERROR;
				CLANG_WARN_EMPTY_BODY = YES;
				CLANG_WARN_ENUM_CONVERSION = YES;
				CLANG_WARN_INT_CONVERSION = YES;
				CLANG_WARN_OBJC_ROOT_CLASS = YES_ERROR;
				CLANG_WARN_UNREACHABLE_CODE = YES;
				CLANG_WARN__DUPLICATE_METHOD_MATCH = YES;
				"CODE_SIGN_IDENTITY[sdk=iphoneos*]" = "iPhone Developer";
				COPY_PHASE_STRIP = YES;
				ENABLE_NS_ASSERTIONS = NO;
				ENABLE_STRICT_OBJC_MSGSEND = YES;
				GCC_C_LANGUAGE_STANDARD = gnu99;
				GCC_WARN_64_TO_32_BIT_CONVERSION = YES;
				GCC_WARN_ABOUT_RETURN_TYPE = YES_ERROR;
				GCC_WARN_UNDECLARED_SELECTOR = YES;
				GCC_WARN_UNINITIALIZED_AUTOS = YES_AGGRESSIVE;
				GCC_WARN_UNUSED_FUNCTION = YES;
				GCC_WARN_UNUSED_VARIABLE = YES;
				IPHONEOS_DEPLOYMENT_TARGET = 8.2;
				MTL_ENABLE_DEBUG_INFO = NO;
				SDKROOT = iphoneos;
				VALIDATE_PRODUCT = YES;
			};
			name = Release;
		};
		5AB981E91A87E4A4003A4F2A /* Debug */ = {
			isa = XCBuildConfiguration;
			buildSettings = {
				ASSETCATALOG_COMPILER_APPICON_NAME = AppIcon;
				INFOPLIST_FILE = "How Many Fingers/Info.plist";
				IPHONEOS_DEPLOYMENT_TARGET = 8.0;
				LD_RUNPATH_SEARCH_PATHS = "$(inherited) @executable_path/Frameworks";
				PRODUCT_NAME = "$(TARGET_NAME)";
			};
			name = Debug;
		};
		5AB981EA1A87E4A4003A4F2A /* Release */ = {
			isa = XCBuildConfiguration;
			buildSettings = {
				ASSETCATALOG_COMPILER_APPICON_NAME = AppIcon;
				INFOPLIST_FILE = "How Many Fingers/Info.plist";
				IPHONEOS_DEPLOYMENT_TARGET = 8.0;
				LD_RUNPATH_SEARCH_PATHS = "$(inherited) @executable_path/Frameworks";
				PRODUCT_NAME = "$(TARGET_NAME)";
			};
			name = Release;
		};
		5AB981EC1A87E4A4003A4F2A /* Debug */ = {
			isa = XCBuildConfiguration;
			buildSettings = {
				BUNDLE_LOADER = "$(TEST_HOST)";
				FRAMEWORK_SEARCH_PATHS = (
					"$(SDKROOT)/Developer/Library/Frameworks",
					"$(inherited)",
				);
				GCC_PREPROCESSOR_DEFINITIONS = (
					"DEBUG=1",
					"$(inherited)",
				);
				INFOPLIST_FILE = "How Many FingersTests/Info.plist";
				LD_RUNPATH_SEARCH_PATHS = "$(inherited) @executable_path/Frameworks @loader_path/Frameworks";
				PRODUCT_NAME = "$(TARGET_NAME)";
				TEST_HOST = "$(BUILT_PRODUCTS_DIR)/How Many Fingers.app/How Many Fingers";
			};
			name = Debug;
		};
		5AB981ED1A87E4A4003A4F2A /* Release */ = {
			isa = XCBuildConfiguration;
			buildSettings = {
				BUNDLE_LOADER = "$(TEST_HOST)";
				FRAMEWORK_SEARCH_PATHS = (
					"$(SDKROOT)/Developer/Library/Frameworks",
					"$(inherited)",
				);
				INFOPLIST_FILE = "How Many FingersTests/Info.plist";
				LD_RUNPATH_SEARCH_PATHS = "$(inherited) @executable_path/Frameworks @loader_path/Frameworks";
				PRODUCT_NAME = "$(TARGET_NAME)";
				TEST_HOST = "$(BUILT_PRODUCTS_DIR)/How Many Fingers.app/How Many Fingers";
			};
			name = Release;
		};
/* End XCBuildConfiguration section */

/* Begin XCConfigurationList section */
		5AB981C41A87E4A3003A4F2A /* Build configuration list for PBXProject "How Many Fingers" */ = {
			isa = XCConfigurationList;
			buildConfigurations = (
				5AB981E61A87E4A4003A4F2A /* Debug */,
				5AB981E71A87E4A4003A4F2A /* Release */,
			);
			defaultConfigurationIsVisible = 0;
			defaultConfigurationName = Release;
		};
		5AB981E81A87E4A4003A4F2A /* Build configuration list for PBXNativeTarget "How Many Fingers" */ = {
			isa = XCConfigurationList;
			buildConfigurations = (
				5AB981E91A87E4A4003A4F2A /* Debug */,
				5AB981EA1A87E4A4003A4F2A /* Release */,
			);
			defaultConfigurationIsVisible = 0;
		};
		5AB981EB1A87E4A4003A4F2A /* Build configuration list for PBXNativeTarget "How Many FingersTests" */ = {
			isa = XCConfigurationList;
			buildConfigurations = (
				5AB981EC1A87E4A4003A4F2A /* Debug */,
				5AB981ED1A87E4A4003A4F2A /* Release */,
			);
			defaultConfigurationIsVisible = 0;
		};
/* End XCConfigurationList section */
	};
	rootObject = 5AB981C11A87E4A3003A4F2A /* Project object */;
}
